
Microsoft Visual Studio Solution File, Format Version 12.00
# Visual Studio 15
VisualStudioVersion = 15.0.28307.2092
MinimumVisualStudioVersion = 10.0.40219.1
Project("{FAE04EC0-301F-11D3-BF4B-00C04F79EFBC}") = "Proje_panel", "Proje_panel\Proje_panel.csproj", "{55C63559-773E-4F1A-A8FF-487476B85060}"
EndProject
Global
	GlobalSection(SolutionConfigurationPlatforms) = preSolution
		Debug|Any CPU = Debug|Any CPU
		Release|Any CPU = Release|Any CPU
	EndGlobalSection
	GlobalSection(ProjectConfigurationPlatforms) = postSolution
		{55C63559-773E-4F1A-A8FF-487476B85060}.Debug|Any CPU.ActiveCfg = Debug|Any CPU
		{55C63559-773E-4F1A-A8FF-487476B85060}.Debug|Any CPU.Build.0 = Debug|Any CPU
		{55C63559-773E-4F1A-A8FF-487476B85060}.Release|Any CPU.ActiveCfg = Release|Any CPU
		{55C63559-773E-4F1A-A8FF-487476B85060}.Release|Any CPU.Build.0 = Release|Any CPU
	EndGlobalSection
	GlobalSection(SolutionProperties) = preSolution
		HideSolutionNode = FALSE
	EndGlobalSection
	GlobalSection(ExtensibilityGlobals) = postSolution
		SolutionGuid = {37FDFF31-9586-422A-B808-B60FF151B8D2}
	EndGlobalSection
EndGlobal
